
Microsoft Visual Studio Solution File, Format Version 12.00
# Visual Studio Version 17
VisualStudioVersion = 17.0.31903.59
MinimumVisualStudioVersion = 10.0.40219.1
Project("{2150E333-8FDC-42A3-9474-1A3956D46DE8}") = "src", "src", "{3A847924-C1DB-4E21-8C11-7DD47E289FCD}"
EndProject
Project("{FAE04EC0-301F-11D3-BF4B-00C04F79EFBC}") = "AdventOfCode.CLI", "src\AdventOfCode.CLI\AdventOfCode.CLI.csproj", "{9F6DE8F1-1626-473A-986B-07DD13AE5642}"
EndProject
Project("{FAE04EC0-301F-11D3-BF4B-00C04F79EFBC}") = "AdventOfCode.Tests", "src\AdventOfCode.Tests\AdventOfCode.Tests.csproj", "{F27CF47B-5755-4418-B13A-7679D6F69D32}"
EndProject
Project("{FAE04EC0-301F-11D3-BF4B-00C04F79EFBC}") = "AdventOfCode.Puzzles", "src\AdventOfCode.Puzzles\AdventOfCode.Puzzles.csproj", "{42F7103B-473B-4490-B67B-9E290D93DE12}"
EndProject
Global
	GlobalSection(SolutionConfigurationPlatforms) = preSolution
		Debug|Any CPU = Debug|Any CPU
		Release|Any CPU = Release|Any CPU
	EndGlobalSection
	GlobalSection(SolutionProperties) = preSolution
		HideSolutionNode = FALSE
	EndGlobalSection
	GlobalSection(ProjectConfigurationPlatforms) = postSolution
		{9F6DE8F1-1626-473A-986B-07DD13AE5642}.Debug|Any CPU.ActiveCfg = Debug|Any CPU
		{9F6DE8F1-1626-473A-986B-07DD13AE5642}.Debug|Any CPU.Build.0 = Debug|Any CPU
		{9F6DE8F1-1626-473A-986B-07DD13AE5642}.Release|Any CPU.ActiveCfg = Release|Any CPU
		{9F6DE8F1-1626-473A-986B-07DD13AE5642}.Release|Any CPU.Build.0 = Release|Any CPU
		{F27CF47B-5755-4418-B13A-7679D6F69D32}.Debug|Any CPU.ActiveCfg = Debug|Any CPU
		{F27CF47B-5755-4418-B13A-7679D6F69D32}.Debug|Any CPU.Build.0 = Debug|Any CPU
		{F27CF47B-5755-4418-B13A-7679D6F69D32}.Release|Any CPU.ActiveCfg = Release|Any CPU
		{F27CF47B-5755-4418-B13A-7679D6F69D32}.Release|Any CPU.Build.0 = Release|Any CPU
		{42F7103B-473B-4490-B67B-9E290D93DE12}.Debug|Any CPU.ActiveCfg = Debug|Any CPU
		{42F7103B-473B-4490-B67B-9E290D93DE12}.Debug|Any CPU.Build.0 = Debug|Any CPU
		{42F7103B-473B-4490-B67B-9E290D93DE12}.Release|Any CPU.ActiveCfg = Release|Any CPU
		{42F7103B-473B-4490-B67B-9E290D93DE12}.Release|Any CPU.Build.0 = Release|Any CPU
	EndGlobalSection
	GlobalSection(NestedProjects) = preSolution
		{9F6DE8F1-1626-473A-986B-07DD13AE5642} = {3A847924-C1DB-4E21-8C11-7DD47E289FCD}
		{F27CF47B-5755-4418-B13A-7679D6F69D32} = {3A847924-C1DB-4E21-8C11-7DD47E289FCD}
		{42F7103B-473B-4490-B67B-9E290D93DE12} = {3A847924-C1DB-4E21-8C11-7DD47E289FCD}
	EndGlobalSection
EndGlobal
